// !$*UTF8*$!
{
	archiveVersion = 1;
	classes = {
	};
	objectVersion = 50;
	objects = {

/* Begin PBXBuildFile section */
		919D3B8521BA9124007BB8FA /* AppDelegate.swift in Sources */ = {isa = PBXBuildFile; fileRef = 919D3B8421BA9124007BB8FA /* AppDelegate.swift */; };
		919D3B8721BA9124007BB8FA /* ViewController.swift in Sources */ = {isa = PBXBuildFile; fileRef = 919D3B8621BA9124007BB8FA /* ViewController.swift */; };
		919D3B8A21BA9124007BB8FA /* Main.storyboard in Resources */ = {isa = PBXBuildFile; fileRef = 919D3B8821BA9124007BB8FA /* Main.storyboard */; };
		919D3B8C21BA9127007BB8FA /* Assets.xcassets in Resources */ = {isa = PBXBuildFile; fileRef = 919D3B8B21BA9127007BB8FA /* Assets.xcassets */; };
		919D3B8F21BA9127007BB8FA /* LaunchScreen.storyboard in Resources */ = {isa = PBXBuildFile; fileRef = 919D3B8D21BA9127007BB8FA /* LaunchScreen.storyboard */; };
		919D3B9721BA9159007BB8FA /* Piece.swift in Sources */ = {isa = PBXBuildFile; fileRef = 919D3B9621BA9159007BB8FA /* Piece.swift */; };
		919D3B9921BA918B007BB8FA /* Pawn.swift in Sources */ = {isa = PBXBuildFile; fileRef = 919D3B9821BA918B007BB8FA /* Pawn.swift */; };
		919D3B9B21BA91AC007BB8FA /* Knight.swift in Sources */ = {isa = PBXBuildFile; fileRef = 919D3B9A21BA91AC007BB8FA /* Knight.swift */; };
		919D3B9D21BA91C2007BB8FA /* Rook.swift in Sources */ = {isa = PBXBuildFile; fileRef = 919D3B9C21BA91C2007BB8FA /* Rook.swift */; };
		919D3B9F21BA91DD007BB8FA /* Bishop.swift in Sources */ = {isa = PBXBuildFile; fileRef = 919D3B9E21BA91DD007BB8FA /* Bishop.swift */; };
		919D3BA121BA91EF007BB8FA /* King.swift in Sources */ = {isa = PBXBuildFile; fileRef = 919D3BA021BA91EF007BB8FA /* King.swift */; };
		919D3BA321BA91F5007BB8FA /* Queen.swift in Sources */ = {isa = PBXBuildFile; fileRef = 919D3BA221BA91F5007BB8FA /* Queen.swift */; };
		919D3BA521BA9210007BB8FA /* Dummy.swift in Sources */ = {isa = PBXBuildFile; fileRef = 919D3BA421BA9210007BB8FA /* Dummy.swift */; };
		919D3BA721BA922B007BB8FA /* ChessGame.swift in Sources */ = {isa = PBXBuildFile; fileRef = 919D3BA621BA922B007BB8FA /* ChessGame.swift */; };
		919D3BA921BA9242007BB8FA /* ChessBoard.swift in Sources */ = {isa = PBXBuildFile; fileRef = 919D3BA821BA9242007BB8FA /* ChessBoard.swift */; };
		919D3BAB21BA925E007BB8FA /* ExtensionUIChessPiece.swift in Sources */ = {isa = PBXBuildFile; fileRef = 919D3BAA21BA925D007BB8FA /* ExtensionUIChessPiece.swift */; };
		919D3BAD21BA9270007BB8FA /* BoardIndex.swift in Sources */ = {isa = PBXBuildFile; fileRef = 919D3BAC21BA9270007BB8FA /* BoardIndex.swift */; };
		919D3BAF21BA928A007BB8FA /* StartScreen.swift in Sources */ = {isa = PBXBuildFile; fileRef = 919D3BAE21BA928A007BB8FA /* StartScreen.swift */; };
/* End PBXBuildFile section */

/* Begin PBXFileReference section */
		919D3B8121BA9124007BB8FA /* Chess.app */ = {isa = PBXFileReference; explicitFileType = wrapper.application; includeInIndex = 0; path = Chess.app; sourceTree = BUILT_PRODUCTS_DIR; };
		919D3B8421BA9124007BB8FA /* AppDelegate.swift */ = {isa = PBXFileReference; lastKnownFileType = sourcecode.swift; path = AppDelegate.swift; sourceTree = "<group>"; };
		919D3B8621BA9124007BB8FA /* ViewController.swift */ = {isa = PBXFileReference; lastKnownFileType = sourcecode.swift; path = ViewController.swift; sourceTree = "<group>"; };
		919D3B8921BA9124007BB8FA /* Base */ = {isa = PBXFileReference; lastKnownFileType = file.storyboard; name = Base; path = Base.lproj/Main.storyboard; sourceTree = "<group>"; };
		919D3B8B21BA9127007BB8FA /* Assets.xcassets */ = {isa = PBXFileReference; lastKnownFileType = folder.assetcatalog; path = Assets.xcassets; sourceTree = "<group>"; };
		919D3B8E21BA9127007BB8FA /* Base */ = {isa = PBXFileReference; lastKnownFileType = file.storyboard; name = Base; path = Base.lproj/LaunchScreen.storyboard; sourceTree = "<group>"; };
		919D3B9021BA9127007BB8FA /* Info.plist */ = {isa = PBXFileReference; lastKnownFileType = text.plist.xml; path = Info.plist; sourceTree = "<group>"; };
		919D3B9621BA9159007BB8FA /* Piece.swift */ = {isa = PBXFileReference; lastKnownFileType = sourcecode.swift; path = Piece.swift; sourceTree = "<group>"; };
		919D3B9821BA918B007BB8FA /* Pawn.swift */ = {isa = PBXFileReference; lastKnownFileType = sourcecode.swift; path = Pawn.swift; sourceTree = "<group>"; };
		919D3B9A21BA91AC007BB8FA /* Knight.swift */ = {isa = PBXFileReference; lastKnownFileType = sourcecode.swift; path = Knight.swift; sourceTree = "<group>"; };
		919D3B9C21BA91C2007BB8FA /* Rook.swift */ = {isa = PBXFileReference; lastKnownFileType = sourcecode.swift; path = Rook.swift; sourceTree = "<group>"; };
		919D3B9E21BA91DD007BB8FA /* Bishop.swift */ = {isa = PBXFileReference; lastKnownFileType = sourcecode.swift; path = Bishop.swift; sourceTree = "<group>"; };
		919D3BA021BA91EF007BB8FA /* King.swift */ = {isa = PBXFileReference; lastKnownFileType = sourcecode.swift; path = King.swift; sourceTree = "<group>"; };
		919D3BA221BA91F5007BB8FA /* Queen.swift */ = {isa = PBXFileReference; lastKnownFileType = sourcecode.swift; path = Queen.swift; sourceTree = "<group>"; };
		919D3BA421BA9210007BB8FA /* Dummy.swift */ = {isa = PBXFileReference; lastKnownFileType = sourcecode.swift; path = Dummy.swift; sourceTree = "<group>"; };
		919D3BA621BA922B007BB8FA /* ChessGame.swift */ = {isa = PBXFileReference; lastKnownFileType = sourcecode.swift; path = ChessGame.swift; sourceTree = "<group>"; };
		919D3BA821BA9242007BB8FA /* ChessBoard.swift */ = {isa = PBXFileReference; lastKnownFileType = sourcecode.swift; path = ChessBoard.swift; sourceTree = "<group>"; };
		919D3BAA21BA925D007BB8FA /* ExtensionUIChessPiece.swift */ = {isa = PBXFileReference; lastKnownFileType = sourcecode.swift; path = ExtensionUIChessPiece.swift; sourceTree = "<group>"; };
		919D3BAC21BA9270007BB8FA /* BoardIndex.swift */ = {isa = PBXFileReference; lastKnownFileType = sourcecode.swift; path = BoardIndex.swift; sourceTree = "<group>"; };
		919D3BAE21BA928A007BB8FA /* StartScreen.swift */ = {isa = PBXFileReference; lastKnownFileType = sourcecode.swift; path = StartScreen.swift; sourceTree = "<group>"; };
/* End PBXFileReference section */

/* Begin PBXFrameworksBuildPhase section */
		919D3B7E21BA9124007BB8FA /* Frameworks */ = {
			isa = PBXFrameworksBuildPhase;
			buildActionMask = 2147483647;
			files = (
			);
			runOnlyForDeploymentPostprocessing = 0;
		};
/* End PBXFrameworksBuildPhase section */

/* Begin PBXGroup section */
		919D3B7821BA9124007BB8FA = {
			isa = PBXGroup;
			children = (
				919D3B8321BA9124007BB8FA /* Chess */,
				919D3B8221BA9124007BB8FA /* Products */,
			);
			sourceTree = "<group>";
		};
		919D3B8221BA9124007BB8FA /* Products */ = {
			isa = PBXGroup;
			children = (
				919D3B8121BA9124007BB8FA /* Chess.app */,
			);
			name = Products;
			sourceTree = "<group>";
		};
		919D3B8321BA9124007BB8FA /* Chess */ = {
			isa = PBXGroup;
			children = (
				919D3B9621BA9159007BB8FA /* Piece.swift */,
				919D3B9821BA918B007BB8FA /* Pawn.swift */,
				919D3B9A21BA91AC007BB8FA /* Knight.swift */,
				919D3B9C21BA91C2007BB8FA /* Rook.swift */,
				919D3B9E21BA91DD007BB8FA /* Bishop.swift */,
				919D3BA021BA91EF007BB8FA /* King.swift */,
				919D3BA221BA91F5007BB8FA /* Queen.swift */,
				919D3BA421BA9210007BB8FA /* Dummy.swift */,
				919D3BA621BA922B007BB8FA /* ChessGame.swift */,
				919D3BA821BA9242007BB8FA /* ChessBoard.swift */,
				919D3BAA21BA925D007BB8FA /* ExtensionUIChessPiece.swift */,
				919D3BAC21BA9270007BB8FA /* BoardIndex.swift */,
				919D3BAE21BA928A007BB8FA /* StartScreen.swift */,
				919D3B8421BA9124007BB8FA /* AppDelegate.swift */,
				919D3B8621BA9124007BB8FA /* ViewController.swift */,
				919D3B8821BA9124007BB8FA /* Main.storyboard */,
				919D3B8B21BA9127007BB8FA /* Assets.xcassets */,
				919D3B8D21BA9127007BB8FA /* LaunchScreen.storyboard */,
				919D3B9021BA9127007BB8FA /* Info.plist */,
			);
			path = Chess;
			sourceTree = "<group>";
		};
/* End PBXGroup section */

/* Begin PBXNativeTarget section */
		919D3B8021BA9124007BB8FA /* Chess */ = {
			isa = PBXNativeTarget;
			buildConfigurationList = 919D3B9321BA9127007BB8FA /* Build configuration list for PBXNativeTarget "Chess" */;
			buildPhases = (
				919D3B7D21BA9124007BB8FA /* Sources */,
				919D3B7E21BA9124007BB8FA /* Frameworks */,
				919D3B7F21BA9124007BB8FA /* Resources */,
			);
			buildRules = (
			);
			dependencies = (
			);
			name = Chess;
			productName = Chess;
			productReference = 919D3B8121BA9124007BB8FA /* Chess.app */;
			productType = "com.apple.product-type.application";
		};
/* End PBXNativeTarget section */

/* Begin PBXProject section */
		919D3B7921BA9124007BB8FA /* Project object */ = {
			isa = PBXProject;
			attributes = {
				LastSwiftUpdateCheck = 1000;
				LastUpgradeCheck = 1000;
				ORGANIZATIONNAME = "Riad Mohamed";
				TargetAttributes = {
					919D3B8021BA9124007BB8FA = {
						CreatedOnToolsVersion = 10.0;
					};
				};
			};
			buildConfigurationList = 919D3B7C21BA9124007BB8FA /* Build configuration list for PBXProject "Chess" */;
			compatibilityVersion = "Xcode 9.3";
			developmentRegion = en;
			hasScannedForEncodings = 0;
			knownRegions = (
				en,
				Base,
			);
			mainGroup = 919D3B7821BA9124007BB8FA;
			productRefGroup = 919D3B8221BA9124007BB8FA /* Products */;
			projectDirPath = "";
			projectRoot = "";
			targets = (
				919D3B8021BA9124007BB8FA /* Chess */,
			);
		};
/* End PBXProject section */

/* Begin PBXResourcesBuildPhase section */
		919D3B7F21BA9124007BB8FA /* Resources */ = {
			isa = PBXResourcesBuildPhase;
			buildActionMask = 2147483647;
			files = (
				919D3B8F21BA9127007BB8FA /* LaunchScreen.storyboard in Resources */,
				919D3B8C21BA9127007BB8FA /* Assets.xcassets in Resources */,
				919D3B8A21BA9124007BB8FA /* Main.storyboard in Resources */,
			);
			runOnlyForDeploymentPostprocessing = 0;
		};
/* End PBXResourcesBuildPhase section */

/* Begin PBXSourcesBuildPhase section */
		919D3B7D21BA9124007BB8FA /* Sources */ = {
			isa = PBXSourcesBuildPhase;
			buildActionMask = 2147483647;
			files = (
				919D3B8721BA9124007BB8FA /* ViewController.swift in Sources */,
				919D3BA921BA9242007BB8FA /* ChessBoard.swift in Sources */,
				919D3BAF21BA928A007BB8FA /* StartScreen.swift in Sources */,
				919D3B9F21BA91DD007BB8FA /* Bishop.swift in Sources */,
				919D3BA521BA9210007BB8FA /* Dummy.swift in Sources */,
				919D3B8521BA9124007BB8FA /* AppDelegate.swift in Sources */,
				919D3BA721BA922B007BB8FA /* ChessGame.swift in Sources */,
				919D3BAB21BA925E007BB8FA /* ExtensionUIChessPiece.swift in Sources */,
				919D3BA321BA91F5007BB8FA /* Queen.swift in Sources */,
				919D3B9D21BA91C2007BB8FA /* Rook.swift in Sources */,
				919D3BAD21BA9270007BB8FA /* BoardIndex.swift in Sources */,
				919D3B9721BA9159007BB8FA /* Piece.swift in Sources */,
				919D3B9921BA918B007BB8FA /* Pawn.swift in Sources */,
				919D3BA121BA91EF007BB8FA /* King.swift in Sources */,
				919D3B9B21BA91AC007BB8FA /* Knight.swift in Sources */,
			);
			runOnlyForDeploymentPostprocessing = 0;
		};
/* End PBXSourcesBuildPhase section */

/* Begin PBXVariantGroup section */
		919D3B8821BA9124007BB8FA /* Main.storyboard */ = {
			isa = PBXVariantGroup;
			children = (
				919D3B8921BA9124007BB8FA /* Base */,
			);
			name = Main.storyboard;
			sourceTree = "<group>";
		};
		919D3B8D21BA9127007BB8FA /* LaunchScreen.storyboard */ = {
			isa = PBXVariantGroup;
			children = (
				919D3B8E21BA9127007BB8FA /* Base */,
			);
			name = LaunchScreen.storyboard;
			sourceTree = "<group>";
		};
/* End PBXVariantGroup section */

/* Begin XCBuildConfiguration section */
		919D3B9121BA9127007BB8FA /* Debug */ = {
			isa = XCBuildConfiguration;
			buildSettings = {
				ALWAYS_SEARCH_USER_PATHS = NO;
				CLANG_ANALYZER_NONNULL = YES;
				CLANG_ANALYZER_NUMBER_OBJECT_CONVERSION = YES_AGGRESSIVE;
				CLANG_CXX_LANGUAGE_STANDARD = "gnu++14";
				CLANG_CXX_LIBRARY = "libc++";
				CLANG_ENABLE_MODULES = YES;
				CLANG_ENABLE_OBJC_ARC = YES;
				CLANG_ENABLE_OBJC_WEAK = YES;
				CLANG_WARN_BLOCK_CAPTURE_AUTORELEASING = YES;
				CLANG_WARN_BOOL_CONVERSION = YES;
				CLANG_WARN_COMMA = YES;
				CLANG_WARN_CONSTANT_CONVERSION = YES;
				CLANG_WARN_DEPRECATED_OBJC_IMPLEMENTATIONS = YES;
				CLANG_WARN_DIRECT_OBJC_ISA_USAGE = YES_ERROR;
				CLANG_WARN_DOCUMENTATION_COMMENTS = YES;
				CLANG_WARN_EMPTY_BODY = YES;
				CLANG_WARN_ENUM_CONVERSION = YES;
				CLANG_WARN_INFINITE_RECURSION = YES;
				CLANG_WARN_INT_CONVERSION = YES;
				CLANG_WARN_NON_LITERAL_NULL_CONVERSION = YES;
				CLANG_WARN_OBJC_IMPLICIT_RETAIN_SELF = YES;
				CLANG_WARN_OBJC_LITERAL_CONVERSION = YES;
				CLANG_WARN_OBJC_ROOT_CLASS = YES_ERROR;
				CLANG_WARN_RANGE_LOOP_ANALYSIS = YES;
				CLANG_WARN_STRICT_PROTOTYPES = YES;
				CLANG_WARN_SUSPICIOUS_MOVE = YES;
				CLANG_WARN_UNGUARDED_AVAILABILITY = YES_AGGRESSIVE;
				CLANG_WARN_UNREACHABLE_CODE = YES;
				CLANG_WARN__DUPLICATE_METHOD_MATCH = YES;
				CODE_SIGN_IDENTITY = "iPhone Developer";
				COPY_PHASE_STRIP = NO;
				DEBUG_INFORMATION_FORMAT = dwarf;
				ENABLE_STRICT_OBJC_MSGSEND = YES;
				ENABLE_TESTABILITY = YES;
				GCC_C_LANGUAGE_STANDARD = gnu11;
				GCC_DYNAMIC_NO_PIC = NO;
				GCC_NO_COMMON_BLOCKS = YES;
				GCC_OPTIMIZATION_LEVEL = 0;
				GCC_PREPROCESSOR_DEFINITIONS = (
					"DEBUG=1",
					"$(inherited)",
				);
				GCC_WARN_64_TO_32_BIT_CONVERSION = YES;
				GCC_WARN_ABOUT_RETURN_TYPE = YES_ERROR;
				GCC_WARN_UNDECLARED_SELECTOR = YES;
				GCC_WARN_UNINITIALIZED_AUTOS = YES_AGGRESSIVE;
				GCC_WARN_UNUSED_FUNCTION = YES;
				GCC_WARN_UNUSED_VARIABLE = YES;
				IPHONEOS_DEPLOYMENT_TARGET = 12.0;
				MTL_ENABLE_DEBUG_INFO = INCLUDE_SOURCE;
				MTL_FAST_MATH = YES;
				ONLY_ACTIVE_ARCH = YES;
				SDKROOT = iphoneos;
				SWIFT_ACTIVE_COMPILATION_CONDITIONS = DEBUG;
				SWIFT_OPTIMIZATION_LEVEL = "-Onone";
			};
			name = Debug;
		};
		919D3B9221BA9127007BB8FA /* Release */ = {
			isa = XCBuildConfiguration;
			buildSettings = {
				ALWAYS_SEARCH_USER_PATHS = NO;
				CLANG_ANALYZER_NONNULL = YES;
				CLANG_ANALYZER_NUMBER_OBJECT_CONVERSION = YES_AGGRESSIVE;
				CLANG_CXX_LANGUAGE_STANDARD = "gnu++14";
				CLANG_CXX_LIBRARY = "libc++";
				CLANG_ENABLE_MODULES = YES;
				CLANG_ENABLE_OBJC_ARC = YES;
				CLANG_ENABLE_OBJC_WEAK = YES;
				CLANG_WARN_BLOCK_CAPTURE_AUTORELEASING = YES;
				CLANG_WARN_BOOL_CONVERSION = YES;
				CLANG_WARN_COMMA = YES;
				CLANG_WARN_CONSTANT_CONVERSION = YES;
				CLANG_WARN_DEPRECATED_OBJC_IMPLEMENTATIONS = YES;
				CLANG_WARN_DIRECT_OBJC_ISA_USAGE = YES_ERROR;
				CLANG_WARN_DOCUMENTATION_COMMENTS = YES;
				CLANG_WARN_EMPTY_BODY = YES;
				CLANG_WARN_ENUM_CONVERSION = YES;
				CLANG_WARN_INFINITE_RECURSION = YES;
				CLANG_WARN_INT_CONVERSION = YES;
				CLANG_WARN_NON_LITERAL_NULL_CONVERSION = YES;
				CLANG_WARN_OBJC_IMPLICIT_RETAIN_SELF = YES;
				CLANG_WARN_OBJC_LITERAL_CONVERSION = YES;
				CLANG_WARN_OBJC_ROOT_CLASS = YES_ERROR;
				CLANG_WARN_RANGE_LOOP_ANALYSIS = YES;
				CLANG_WARN_STRICT_PROTOTYPES = YES;
				CLANG_WARN_SUSPICIOUS_MOVE = YES;
				CLANG_WARN_UNGUARDED_AVAILABILITY = YES_AGGRESSIVE;
				CLANG_WARN_UNREACHABLE_CODE = YES;
				CLANG_WARN__DUPLICATE_METHOD_MATCH = YES;
				CODE_SIGN_IDENTITY = "iPhone Developer";
				COPY_PHASE_STRIP = NO;
				DEBUG_INFORMATION_FORMAT = "dwarf-with-dsym";
				ENABLE_NS_ASSERTIONS = NO;
				ENABLE_STRICT_OBJC_MSGSEND = YES;
				GCC_C_LANGUAGE_STANDARD = gnu11;
				GCC_NO_COMMON_BLOCKS = YES;
				GCC_WARN_64_TO_32_BIT_CONVERSION = YES;
				GCC_WARN_ABOUT_RETURN_TYPE = YES_ERROR;
				GCC_WARN_UNDECLARED_SELECTOR = YES;
				GCC_WARN_UNINITIALIZED_AUTOS = YES_AGGRESSIVE;
				GCC_WARN_UNUSED_FUNCTION = YES;
				GCC_WARN_UNUSED_VARIABLE = YES;
				IPHONEOS_DEPLOYMENT_TARGET = 12.0;
				MTL_ENABLE_DEBUG_INFO = NO;
				MTL_FAST_MATH = YES;
				SDKROOT = iphoneos;
				SWIFT_COMPILATION_MODE = wholemodule;
				SWIFT_OPTIMIZATION_LEVEL = "-O";
				VALIDATE_PRODUCT = YES;
			};
			name = Release;
		};
		919D3B9421BA9127007BB8FA /* Debug */ = {
			isa = XCBuildConfiguration;
			buildSettings = {
				ASSETCATALOG_COMPILER_APPICON_NAME = AppIcon;
				CODE_SIGN_STYLE = Automatic;
				DEVELOPMENT_TEAM = 3MF3X44AK3;
				INFOPLIST_FILE = Chess/Info.plist;
				LD_RUNPATH_SEARCH_PATHS = (
					"$(inherited)",
					"@executable_path/Frameworks",
				);
				PRODUCT_BUNDLE_IDENTIFIER = "Riad-Mohamed.Chess";
				PRODUCT_NAME = "$(TARGET_NAME)";
				SWIFT_VERSION = 4.2;
				TARGETED_DEVICE_FAMILY = "1,2";
			};
			name = Debug;
		};
		919D3B9521BA9127007BB8FA /* Release */ = {
			isa = XCBuildConfiguration;
			buildSettings = {
				ASSETCATALOG_COMPILER_APPICON_NAME = AppIcon;
				CODE_SIGN_STYLE = Automatic;
				DEVELOPMENT_TEAM = 3MF3X44AK3;
				INFOPLIST_FILE = Chess/Info.plist;
				LD_RUNPATH_SEARCH_PATHS = (
					"$(inherited)",
					"@executable_path/Frameworks",
				);
				PRODUCT_BUNDLE_IDENTIFIER = "Riad-Mohamed.Chess";
				PRODUCT_NAME = "$(TARGET_NAME)";
				SWIFT_VERSION = 4.2;
				TARGETED_DEVICE_FAMILY = "1,2";
			};
			name = Release;
		};
/* End XCBuildConfiguration section */

/* Begin XCConfigurationList section */
		919D3B7C21BA9124007BB8FA /* Build configuration list for PBXProject "Chess" */ = {
			isa = XCConfigurationList;
			buildConfigurations = (
				919D3B9121BA9127007BB8FA /* Debug */,
				919D3B9221BA9127007BB8FA /* Release */,
			);
			defaultConfigurationIsVisible = 0;
			defaultConfigurationName = Release;
		};
		919D3B9321BA9127007BB8FA /* Build configuration list for PBXNativeTarget "Chess" */ = {
			isa = XCConfigurationList;
			buildConfigurations = (
				919D3B9421BA9127007BB8FA /* Debug */,
				919D3B9521BA9127007BB8FA /* Release */,
			);
			defaultConfigurationIsVisible = 0;
			defaultConfigurationName = Release;
		};
/* End XCConfigurationList section */
	};
	rootObject = 919D3B7921BA9124007BB8FA /* Project object */;
}
